
Microsoft Visual Studio Solution File, Format Version 12.00
# Visual Studio 2012
Project("{FAE04EC0-301F-11D3-BF4B-00C04F79EFBC}") = "WorkItem.History.Visualizer", "WorkItem.History.Visualizer.csproj", "{7C901621-CA0A-4F96-9744-EF3D8908EF11}"
EndProject
Global
	GlobalSection(SolutionConfigurationPlatforms) = preSolution
		Debug|Any CPU = Debug|Any CPU
		Release|Any CPU = Release|Any CPU
	EndGlobalSection
	GlobalSection(ProjectConfigurationPlatforms) = postSolution
		{7C901621-CA0A-4F96-9744-EF3D8908EF11}.Debug|Any CPU.ActiveCfg = Debug|Any CPU
		{7C901621-CA0A-4F96-9744-EF3D8908EF11}.Debug|Any CPU.Build.0 = Debug|Any CPU
		{7C901621-CA0A-4F96-9744-EF3D8908EF11}.Release|Any CPU.ActiveCfg = Release|Any CPU
		{7C901621-CA0A-4F96-9744-EF3D8908EF11}.Release|Any CPU.Build.0 = Release|Any CPU
	EndGlobalSection
	GlobalSection(SolutionProperties) = preSolution
		HideSolutionNode = FALSE
	EndGlobalSection
EndGlobal
